# THIS IS AN AUTOGENERATED FILE. DO NOT EDIT THIS FILE DIRECTLY.
# yarn lockfile v1


bootstrap-sass@^3.4.1:
  version "3.4.1"
  resolved "https://registry.yarnpkg.com/bootstrap-sass/-/bootstrap-sass-3.4.1.tgz#6843c73b1c258a0ac5cb2cc6f6f5285b664a8e9a"
  integrity sha512-p5rxsK/IyEDQm2CwiHxxUi0MZZtvVFbhWmyMOt4lLkA4bujDA1TGoKT0i1FKIWiugAdP+kK8T5KMDFIKQCLYIA==

bootstrap@^4.4.1:
  version "4.4.1"
  resolved "https://registry.yarnpkg.com/bootstrap/-/bootstrap-4.4.1.tgz#8582960eea0c5cd2bede84d8b0baf3789c3e8b01"
  integrity sha512-tbx5cHubwE6e2ZG7nqM3g/FZ5PQEDMWmMGNrCUBVRPHXTJaH7CBDdsLeu3eCh3B1tzAxTnAbtmrzvWEvT2NNEA==

bootswatch@^4.4.1:
  version "4.4.1"
  resolved "https://registry.yarnpkg.com/bootswatch/-/bootswatch-4.4.1.tgz#f270618b4ebe07de8e1748acd88f104cc31bfec3"
  integrity sha512-Kx3z6+3Jpg9g6l/xZBCnc8d6KeJK0QawxCZWOomdcI5AuSZLZb+DoH5X9RJH+cOcSeMAxyzdIjkVUR01+Db5bQ==

popper.js@^1.16.0:
  version "1.16.0"
  resolved "https://registry.yarnpkg.com/popper.js/-/popper.js-1.16.0.tgz#2e1816bcbbaa518ea6c2e15a466f4cb9c6e2fbb3"
  integrity sha512-+G+EkOPoE5S/zChTpmBSSDYmhXJ5PsW8eMhH8cP/CQHMFPBG/kC9Y5IIw6qNYgdJ+/COf0ddY2li28iHaZRSjw==
